
Microsoft Visual Studio Solution File, Format Version 12.00
# Visual Studio Version 17
VisualStudioVersion = 17.1.32328.378
MinimumVisualStudioVersion = 10.0.40219.1
Project("{2150E333-8FDC-42A3-9474-1A3956D46DE8}") = "src", "src", "{3A094526-4258-4991-971A-964728F2F20F}"
EndProject
Project("{2150E333-8FDC-42A3-9474-1A3956D46DE8}") = "core", "core", "{DCE8D1D8-02E6-4D3A-B012-CC684FC16D1F}"
EndProject
Project("{2150E333-8FDC-42A3-9474-1A3956D46DE8}") = "services", "services", "{77430092-06CE-47B7-A6E2-BBA25D02C68E}"
EndProject
Project("{9A19103F-16F7-4668-BE54-9A1E7A4F7556}") = "core-domain", "src\core\core-domain\core-domain.csproj", "{84D74EFF-CA85-433E-96DB-DF6A83F20FFC}"
EndProject
Project("{9A19103F-16F7-4668-BE54-9A1E7A4F7556}") = "core-application", "src\core\core-application\core-application.csproj", "{7103E514-8B24-407B-B008-32F1CFEF177F}"
EndProject
Project("{9A19103F-16F7-4668-BE54-9A1E7A4F7556}") = "core-infrastructure", "src\core\core-infrastructure\core-infrastructure.csproj", "{393C500A-1239-4990-B04D-23BB32EC2957}"
EndProject
Project("{9A19103F-16F7-4668-BE54-9A1E7A4F7556}") = "core-messages", "src\core\core-messages\core-messages.csproj", "{7F7356FD-4BDC-44B7-A894-8CDE6085A88F}"
EndProject
Project("{2150E333-8FDC-42A3-9474-1A3956D46DE8}") = "activity", "activity", "{225BD07D-FC0B-43F6-AE3A-8078968B990C}"
EndProject
Project("{2150E333-8FDC-42A3-9474-1A3956D46DE8}") = "payment", "payment", "{0BD8E509-4E72-4D83-A3C9-3FB8968D489E}"
EndProject
Project("{2150E333-8FDC-42A3-9474-1A3956D46DE8}") = "notification", "notification", "{925E9560-FFB5-46F3-B8CD-9D4E04EFC0C2}"
EndProject
Project("{2150E333-8FDC-42A3-9474-1A3956D46DE8}") = "background", "background", "{7C146F01-B58A-4901-A36E-043FA1FA082C}"
EndProject
Project("{2150E333-8FDC-42A3-9474-1A3956D46DE8}") = "healthcheckui", "healthcheckui", "{D2A52F8F-80D2-44C8-B62E-A9EDAEE9C114}"
EndProject
Project("{9A19103F-16F7-4668-BE54-9A1E7A4F7556}") = "api", "src\services\activity\api\api.csproj", "{EF9129FD-583E-4F88-B51B-CBB42857466A}"
EndProject
Project("{9A19103F-16F7-4668-BE54-9A1E7A4F7556}") = "application", "src\services\activity\application\application.csproj", "{48051334-B3A5-449E-97F6-AF2FD6F5DDD1}"
EndProject
Project("{9A19103F-16F7-4668-BE54-9A1E7A4F7556}") = "domain", "src\services\activity\domain\domain.csproj", "{90FBA951-AE77-45E2-9278-5C0D2CC4AF52}"
EndProject
Project("{9A19103F-16F7-4668-BE54-9A1E7A4F7556}") = "infrastructure", "src\services\activity\infrastructure\infrastructure.csproj", "{DE05DA99-7E40-4035-9DE2-E76B10BD5411}"
EndProject
Project("{E53339B2-1760-4266-BCC7-CA923CBCF16C}") = "docker-compose", "docker-compose.dcproj", "{51B82147-66CF-4C3A-AF94-4BD1F77E47DB}"
EndProject
Project("{9A19103F-16F7-4668-BE54-9A1E7A4F7556}") = "notification", "src\services\notification\notification\notification.csproj", "{213CE6D3-9184-4B9D-9330-B582F5428E56}"
EndProject
Project("{9A19103F-16F7-4668-BE54-9A1E7A4F7556}") = "api", "src\services\payment\api\api.csproj", "{16E718DC-6758-4053-9FA1-C7E5E03C4378}"
EndProject
Project("{9A19103F-16F7-4668-BE54-9A1E7A4F7556}") = "domain", "src\services\payment\domain\domain.csproj", "{1F526E82-AF08-4415-A796-29C48EC7FC90}"
EndProject
Project("{9A19103F-16F7-4668-BE54-9A1E7A4F7556}") = "application", "src\services\payment\application\application.csproj", "{641DDC21-9F80-4F14-B333-D2BB7E2E7E9F}"
EndProject
Project("{9A19103F-16F7-4668-BE54-9A1E7A4F7556}") = "infrastructure", "src\services\payment\infrastructure\infrastructure.csproj", "{5B490D24-2345-4736-A92B-54EF8117B536}"
EndProject
Project("{9A19103F-16F7-4668-BE54-9A1E7A4F7556}") = "MessageRelayService", "src\services\background\MessageRelayService\MessageRelayService.csproj", "{5C2924FA-74CB-459C-8181-3ABA349A5553}"
EndProject
Global
	GlobalSection(SolutionConfigurationPlatforms) = preSolution
		Debug|Any CPU = Debug|Any CPU
		Release|Any CPU = Release|Any CPU
	EndGlobalSection
	GlobalSection(ProjectConfigurationPlatforms) = postSolution
		{84D74EFF-CA85-433E-96DB-DF6A83F20FFC}.Debug|Any CPU.ActiveCfg = Debug|Any CPU
		{84D74EFF-CA85-433E-96DB-DF6A83F20FFC}.Debug|Any CPU.Build.0 = Debug|Any CPU
		{84D74EFF-CA85-433E-96DB-DF6A83F20FFC}.Release|Any CPU.ActiveCfg = Release|Any CPU
		{84D74EFF-CA85-433E-96DB-DF6A83F20FFC}.Release|Any CPU.Build.0 = Release|Any CPU
		{7103E514-8B24-407B-B008-32F1CFEF177F}.Debug|Any CPU.ActiveCfg = Debug|Any CPU
		{7103E514-8B24-407B-B008-32F1CFEF177F}.Debug|Any CPU.Build.0 = Debug|Any CPU
		{7103E514-8B24-407B-B008-32F1CFEF177F}.Release|Any CPU.ActiveCfg = Release|Any CPU
		{7103E514-8B24-407B-B008-32F1CFEF177F}.Release|Any CPU.Build.0 = Release|Any CPU
		{393C500A-1239-4990-B04D-23BB32EC2957}.Debug|Any CPU.ActiveCfg = Debug|Any CPU
		{393C500A-1239-4990-B04D-23BB32EC2957}.Debug|Any CPU.Build.0 = Debug|Any CPU
		{393C500A-1239-4990-B04D-23BB32EC2957}.Release|Any CPU.ActiveCfg = Release|Any CPU
		{393C500A-1239-4990-B04D-23BB32EC2957}.Release|Any CPU.Build.0 = Release|Any CPU
		{7F7356FD-4BDC-44B7-A894-8CDE6085A88F}.Debug|Any CPU.ActiveCfg = Debug|Any CPU
		{7F7356FD-4BDC-44B7-A894-8CDE6085A88F}.Debug|Any CPU.Build.0 = Debug|Any CPU
		{7F7356FD-4BDC-44B7-A894-8CDE6085A88F}.Release|Any CPU.ActiveCfg = Release|Any CPU
		{7F7356FD-4BDC-44B7-A894-8CDE6085A88F}.Release|Any CPU.Build.0 = Release|Any CPU
		{EF9129FD-583E-4F88-B51B-CBB42857466A}.Debug|Any CPU.ActiveCfg = Debug|Any CPU
		{EF9129FD-583E-4F88-B51B-CBB42857466A}.Debug|Any CPU.Build.0 = Debug|Any CPU
		{EF9129FD-583E-4F88-B51B-CBB42857466A}.Release|Any CPU.ActiveCfg = Release|Any CPU
		{EF9129FD-583E-4F88-B51B-CBB42857466A}.Release|Any CPU.Build.0 = Release|Any CPU
		{48051334-B3A5-449E-97F6-AF2FD6F5DDD1}.Debug|Any CPU.ActiveCfg = Debug|Any CPU
		{48051334-B3A5-449E-97F6-AF2FD6F5DDD1}.Debug|Any CPU.Build.0 = Debug|Any CPU
		{48051334-B3A5-449E-97F6-AF2FD6F5DDD1}.Release|Any CPU.ActiveCfg = Release|Any CPU
		{48051334-B3A5-449E-97F6-AF2FD6F5DDD1}.Release|Any CPU.Build.0 = Release|Any CPU
		{90FBA951-AE77-45E2-9278-5C0D2CC4AF52}.Debug|Any CPU.ActiveCfg = Debug|Any CPU
		{90FBA951-AE77-45E2-9278-5C0D2CC4AF52}.Debug|Any CPU.Build.0 = Debug|Any CPU
		{90FBA951-AE77-45E2-9278-5C0D2CC4AF52}.Release|Any CPU.ActiveCfg = Release|Any CPU
		{90FBA951-AE77-45E2-9278-5C0D2CC4AF52}.Release|Any CPU.Build.0 = Release|Any CPU
		{DE05DA99-7E40-4035-9DE2-E76B10BD5411}.Debug|Any CPU.ActiveCfg = Debug|Any CPU
		{DE05DA99-7E40-4035-9DE2-E76B10BD5411}.Debug|Any CPU.Build.0 = Debug|Any CPU
		{DE05DA99-7E40-4035-9DE2-E76B10BD5411}.Release|Any CPU.ActiveCfg = Release|Any CPU
		{DE05DA99-7E40-4035-9DE2-E76B10BD5411}.Release|Any CPU.Build.0 = Release|Any CPU
		{51B82147-66CF-4C3A-AF94-4BD1F77E47DB}.Debug|Any CPU.ActiveCfg = Debug|Any CPU
		{51B82147-66CF-4C3A-AF94-4BD1F77E47DB}.Debug|Any CPU.Build.0 = Debug|Any CPU
		{51B82147-66CF-4C3A-AF94-4BD1F77E47DB}.Release|Any CPU.ActiveCfg = Release|Any CPU
		{51B82147-66CF-4C3A-AF94-4BD1F77E47DB}.Release|Any CPU.Build.0 = Release|Any CPU
		{213CE6D3-9184-4B9D-9330-B582F5428E56}.Debug|Any CPU.ActiveCfg = Debug|Any CPU
		{213CE6D3-9184-4B9D-9330-B582F5428E56}.Debug|Any CPU.Build.0 = Debug|Any CPU
		{213CE6D3-9184-4B9D-9330-B582F5428E56}.Release|Any CPU.ActiveCfg = Release|Any CPU
		{213CE6D3-9184-4B9D-9330-B582F5428E56}.Release|Any CPU.Build.0 = Release|Any CPU
		{16E718DC-6758-4053-9FA1-C7E5E03C4378}.Debug|Any CPU.ActiveCfg = Debug|Any CPU
		{16E718DC-6758-4053-9FA1-C7E5E03C4378}.Debug|Any CPU.Build.0 = Debug|Any CPU
		{16E718DC-6758-4053-9FA1-C7E5E03C4378}.Release|Any CPU.ActiveCfg = Release|Any CPU
		{16E718DC-6758-4053-9FA1-C7E5E03C4378}.Release|Any CPU.Build.0 = Release|Any CPU
		{1F526E82-AF08-4415-A796-29C48EC7FC90}.Debug|Any CPU.ActiveCfg = Debug|Any CPU
		{1F526E82-AF08-4415-A796-29C48EC7FC90}.Debug|Any CPU.Build.0 = Debug|Any CPU
		{1F526E82-AF08-4415-A796-29C48EC7FC90}.Release|Any CPU.ActiveCfg = Release|Any CPU
		{1F526E82-AF08-4415-A796-29C48EC7FC90}.Release|Any CPU.Build.0 = Release|Any CPU
		{641DDC21-9F80-4F14-B333-D2BB7E2E7E9F}.Debug|Any CPU.ActiveCfg = Debug|Any CPU
		{641DDC21-9F80-4F14-B333-D2BB7E2E7E9F}.Debug|Any CPU.Build.0 = Debug|Any CPU
		{641DDC21-9F80-4F14-B333-D2BB7E2E7E9F}.Release|Any CPU.ActiveCfg = Release|Any CPU
		{641DDC21-9F80-4F14-B333-D2BB7E2E7E9F}.Release|Any CPU.Build.0 = Release|Any CPU
		{5B490D24-2345-4736-A92B-54EF8117B536}.Debug|Any CPU.ActiveCfg = Debug|Any CPU
		{5B490D24-2345-4736-A92B-54EF8117B536}.Debug|Any CPU.Build.0 = Debug|Any CPU
		{5B490D24-2345-4736-A92B-54EF8117B536}.Release|Any CPU.ActiveCfg = Release|Any CPU
		{5B490D24-2345-4736-A92B-54EF8117B536}.Release|Any CPU.Build.0 = Release|Any CPU
		{5C2924FA-74CB-459C-8181-3ABA349A5553}.Debug|Any CPU.ActiveCfg = Debug|Any CPU
		{5C2924FA-74CB-459C-8181-3ABA349A5553}.Debug|Any CPU.Build.0 = Debug|Any CPU
		{5C2924FA-74CB-459C-8181-3ABA349A5553}.Release|Any CPU.ActiveCfg = Release|Any CPU
		{5C2924FA-74CB-459C-8181-3ABA349A5553}.Release|Any CPU.Build.0 = Release|Any CPU
	EndGlobalSection
	GlobalSection(SolutionProperties) = preSolution
		HideSolutionNode = FALSE
	EndGlobalSection
	GlobalSection(NestedProjects) = preSolution
		{DCE8D1D8-02E6-4D3A-B012-CC684FC16D1F} = {3A094526-4258-4991-971A-964728F2F20F}
		{77430092-06CE-47B7-A6E2-BBA25D02C68E} = {3A094526-4258-4991-971A-964728F2F20F}
		{84D74EFF-CA85-433E-96DB-DF6A83F20FFC} = {DCE8D1D8-02E6-4D3A-B012-CC684FC16D1F}
		{7103E514-8B24-407B-B008-32F1CFEF177F} = {DCE8D1D8-02E6-4D3A-B012-CC684FC16D1F}
		{393C500A-1239-4990-B04D-23BB32EC2957} = {DCE8D1D8-02E6-4D3A-B012-CC684FC16D1F}
		{7F7356FD-4BDC-44B7-A894-8CDE6085A88F} = {DCE8D1D8-02E6-4D3A-B012-CC684FC16D1F}
		{225BD07D-FC0B-43F6-AE3A-8078968B990C} = {77430092-06CE-47B7-A6E2-BBA25D02C68E}
		{0BD8E509-4E72-4D83-A3C9-3FB8968D489E} = {77430092-06CE-47B7-A6E2-BBA25D02C68E}
		{925E9560-FFB5-46F3-B8CD-9D4E04EFC0C2} = {77430092-06CE-47B7-A6E2-BBA25D02C68E}
		{7C146F01-B58A-4901-A36E-043FA1FA082C} = {77430092-06CE-47B7-A6E2-BBA25D02C68E}
		{D2A52F8F-80D2-44C8-B62E-A9EDAEE9C114} = {77430092-06CE-47B7-A6E2-BBA25D02C68E}
		{EF9129FD-583E-4F88-B51B-CBB42857466A} = {225BD07D-FC0B-43F6-AE3A-8078968B990C}
		{48051334-B3A5-449E-97F6-AF2FD6F5DDD1} = {225BD07D-FC0B-43F6-AE3A-8078968B990C}
		{90FBA951-AE77-45E2-9278-5C0D2CC4AF52} = {225BD07D-FC0B-43F6-AE3A-8078968B990C}
		{DE05DA99-7E40-4035-9DE2-E76B10BD5411} = {225BD07D-FC0B-43F6-AE3A-8078968B990C}
		{213CE6D3-9184-4B9D-9330-B582F5428E56} = {925E9560-FFB5-46F3-B8CD-9D4E04EFC0C2}
		{16E718DC-6758-4053-9FA1-C7E5E03C4378} = {0BD8E509-4E72-4D83-A3C9-3FB8968D489E}
		{1F526E82-AF08-4415-A796-29C48EC7FC90} = {0BD8E509-4E72-4D83-A3C9-3FB8968D489E}
		{641DDC21-9F80-4F14-B333-D2BB7E2E7E9F} = {0BD8E509-4E72-4D83-A3C9-3FB8968D489E}
		{5B490D24-2345-4736-A92B-54EF8117B536} = {0BD8E509-4E72-4D83-A3C9-3FB8968D489E}
		{5C2924FA-74CB-459C-8181-3ABA349A5553} = {7C146F01-B58A-4901-A36E-043FA1FA082C}
	EndGlobalSection
	GlobalSection(ExtensibilityGlobals) = postSolution
		SolutionGuid = {4F55F31B-44C5-4739-AFFD-9697B01D7644}
	EndGlobalSection
EndGlobal
